
Microsoft Visual Studio Solution File, Format Version 12.00
# Visual Studio 15
VisualStudioVersion = 15.0.28010.2050
MinimumVisualStudioVersion = 10.0.40219.1
Project("{8BC9CEB8-8B4A-11D0-8D11-00A0C91BC942}") = "OpenGLApp", "OpenGLApp\OpenGLApp.vcxproj", "{BF4EFFA0-979F-4FD2-A3BE-C07E412DE075}"
EndProject
Global
	GlobalSection(SolutionConfigurationPlatforms) = preSolution
		Debug|x64 = Debug|x64
		Debug|x86 = Debug|x86
		Release|x64 = Release|x64
		Release|x86 = Release|x86
	EndGlobalSection
	GlobalSection(ProjectConfigurationPlatforms) = postSolution
		{BF4EFFA0-979F-4FD2-A3BE-C07E412DE075}.Debug|x64.ActiveCfg = Debug|x64
		{BF4EFFA0-979F-4FD2-A3BE-C07E412DE075}.Debug|x64.Build.0 = Debug|x64
		{BF4EFFA0-979F-4FD2-A3BE-C07E412DE075}.Debug|x86.ActiveCfg = Debug|Win32
		{BF4EFFA0-979F-4FD2-A3BE-C07E412DE075}.Debug|x86.Build.0 = Debug|Win32
		{BF4EFFA0-979F-4FD2-A3BE-C07E412DE075}.Release|x64.ActiveCfg = Release|x64
		{BF4EFFA0-979F-4FD2-A3BE-C07E412DE075}.Release|x64.Build.0 = Release|x64
		{BF4EFFA0-979F-4FD2-A3BE-C07E412DE075}.Release|x86.ActiveCfg = Release|Win32
		{BF4EFFA0-979F-4FD2-A3BE-C07E412DE075}.Release|x86.Build.0 = Release|Win32
	EndGlobalSection
	GlobalSection(SolutionProperties) = preSolution
		HideSolutionNode = FALSE
	EndGlobalSection
	GlobalSection(ExtensibilityGlobals) = postSolution
		SolutionGuid = {58EFB4A0-14FA-4141-AA49-E6D88BFE3D6A}
	EndGlobalSection
EndGlobal
